// !$*UTF8*$!
{
	archiveVersion = 1;
	classes = {
	};
	objectVersion = 56;
	objects = {

/* Begin PBXBuildFile section */
		63684A662EE9AB8100B1DCD8 /* LoginView.swift in Sources */ = {isa = PBXBuildFile; fileRef = 63684A652EE9AB7D00B1DCD8 /* LoginView.swift */; };
		63684A682EE9CB7200B1DCD8 /* RegisterView.swift in Sources */ = {isa = PBXBuildFile; fileRef = 63684A672EE9CB6800B1DCD8 /* RegisterView.swift */; };
		63684A6B2EE9CFC000B1DCD8 /* FontFile.swift in Sources */ = {isa = PBXBuildFile; fileRef = 63684A6A2EE9CFB700B1DCD8 /* FontFile.swift */; };
		63684A6E2EE9E42B00B1DCD8 /* AppState.swift in Sources */ = {isa = PBXBuildFile; fileRef = 63684A6D2EE9E42800B1DCD8 /* AppState.swift */; };
		63CDC04E2EE992930016927C /* ColorFile.swift in Sources */ = {isa = PBXBuildFile; fileRef = 63CDC04D2EE9928B0016927C /* ColorFile.swift */; };
		63CDC0552EE996180016927C /* ContentView.swift in Sources */ = {isa = PBXBuildFile; fileRef = 63CDC0542EE996180016927C /* ContentView.swift */; };
		AC7C347F2EF8117D000F47D5 /* Grades_semester_content.swift in Sources */ = {isa = PBXBuildFile; fileRef = AC7C347E2EF81176000F47D5 /* Grades_semester_content.swift */; };
		AC7C34812EF811A6000F47D5 /* Grades_subjects_content.swift in Sources */ = {isa = PBXBuildFile; fileRef = AC7C34802EF811A0000F47D5 /* Grades_subjects_content.swift */; };
		AC7C34832EF811C2000F47D5 /* Grades_main_structure.swift in Sources */ = {isa = PBXBuildFile; fileRef = AC7C34822EF811BE000F47D5 /* Grades_main_structure.swift */; };
		AC8012752EE8F159003B6419 /* Subject.swift in Sources */ = {isa = PBXBuildFile; fileRef = AC8012742EE8F159003B6419 /* Subject.swift */; };
		AC8012772EE8F166003B6419 /* Lesson.swift in Sources */ = {isa = PBXBuildFile; fileRef = AC8012762EE8F166003B6419 /* Lesson.swift */; };
		CE1F70392EF1E9EF00E42C47 /* DateManager.swift in Sources */ = {isa = PBXBuildFile; fileRef = CE1F70382EF1E9EF00E42C47 /* DateManager.swift */; };
		CE1F703B2EF1EA6A00E42C47 /* Lesson_sched.swift in Sources */ = {isa = PBXBuildFile; fileRef = CE1F703A2EF1EA6A00E42C47 /* Lesson_sched.swift */; };
		CE2A3DE12ED85A7B00C09F87 /* BaumanCoreApp.swift in Sources */ = {isa = PBXBuildFile; fileRef = CE2A3DE02ED85A7B00C09F87 /* BaumanCoreApp.swift */; };
		CE2A3DE52ED85A7D00C09F87 /* Assets.xcassets in Resources */ = {isa = PBXBuildFile; fileRef = CE2A3DE42ED85A7D00C09F87 /* Assets.xcassets */; };
		CE2A3DE82ED85A7D00C09F87 /* Preview Assets.xcassets in Resources */ = {isa = PBXBuildFile; fileRef = CE2A3DE72ED85A7D00C09F87 /* Preview Assets.xcassets */; };
		CE2A3DEF2ED85B7000C09F87 /* BottomBar.swift in Sources */ = {isa = PBXBuildFile; fileRef = CE2A3DEE2ED85B7000C09F87 /* BottomBar.swift */; };
		CE2A3DF22ED8C35100C09F87 /* Schedule.swift in Sources */ = {isa = PBXBuildFile; fileRef = CE2A3DF12ED8C35100C09F87 /* Schedule.swift */; };
		CE2A3DF62ED8C92700C09F87 /* Profile.swift in Sources */ = {isa = PBXBuildFile; fileRef = CE2A3DF52ED8C92700C09F87 /* Profile.swift */; };
		CE2A3DF92ED8C97800C09F87 /* Student.swift in Sources */ = {isa = PBXBuildFile; fileRef = CE2A3DF82ED8C97800C09F87 /* Student.swift */; };
		CE2A3DFB2ED8CACC00C09F87 /* Grades_header.swift in Sources */ = {isa = PBXBuildFile; fileRef = CE2A3DFA2ED8CACC00C09F87 /* Grades_header.swift */; };
		CE2A3DFD2ED8DC7000C09F87 /* MainPage.swift in Sources */ = {isa = PBXBuildFile; fileRef = CE2A3DFC2ED8DC7000C09F87 /* MainPage.swift */; };
		CE2A3DFF2ED8DC9D00C09F87 /* ImageCarousel.swift in Sources */ = {isa = PBXBuildFile; fileRef = CE2A3DFE2ED8DC9D00C09F87 /* ImageCarousel.swift */; };
		CE2A3E012ED8DCB500C09F87 /* ThreeBlueLinks.swift in Sources */ = {isa = PBXBuildFile; fileRef = CE2A3E002ED8DCB500C09F87 /* ThreeBlueLinks.swift */; };
		CE2A3E032ED8DCC400C09F87 /* QRView.swift in Sources */ = {isa = PBXBuildFile; fileRef = CE2A3E022ED8DCC400C09F87 /* QRView.swift */; };
		CE2A3E052ED8DEC400C09F87 /* Map.swift in Sources */ = {isa = PBXBuildFile; fileRef = CE2A3E042ED8DEC400C09F87 /* Map.swift */; };
		CE7B93E42EF844F800A74073 /* WelcomeViewController.swift in Sources */ = {isa = PBXBuildFile; fileRef = CE7B93E32EF844F800A74073 /* WelcomeViewController.swift */; };
		CE7D99D62EF99C0300F36BE2 /* FirebaseAuth in Frameworks */ = {isa = PBXBuildFile; productRef = CE7D99D52EF99C0300F36BE2 /* FirebaseAuth */; };
		CE7D99D82EF99C0300F36BE2 /* FirebaseFirestore in Frameworks */ = {isa = PBXBuildFile; productRef = CE7D99D72EF99C0300F36BE2 /* FirebaseFirestore */; };
		CE7D99DA2EF99D7A00F36BE2 /* GoogleService-Info.plist in Resources */ = {isa = PBXBuildFile; fileRef = CE7D99D92EF99D7A00F36BE2 /* GoogleService-Info.plist */; };
/* End PBXBuildFile section */

/* Begin PBXFileReference section */
		63684A652EE9AB7D00B1DCD8 /* LoginView.swift */ = {isa = PBXFileReference; lastKnownFileType = sourcecode.swift; path = LoginView.swift; sourceTree = "<group>"; };
		63684A672EE9CB6800B1DCD8 /* RegisterView.swift */ = {isa = PBXFileReference; lastKnownFileType = sourcecode.swift; path = RegisterView.swift; sourceTree = "<group>"; };
		63684A6A2EE9CFB700B1DCD8 /* FontFile.swift */ = {isa = PBXFileReference; lastKnownFileType = sourcecode.swift; path = FontFile.swift; sourceTree = "<group>"; };
		63684A6D2EE9E42800B1DCD8 /* AppState.swift */ = {isa = PBXFileReference; lastKnownFileType = sourcecode.swift; path = AppState.swift; sourceTree = "<group>"; };
		63CDC04D2EE9928B0016927C /* ColorFile.swift */ = {isa = PBXFileReference; lastKnownFileType = sourcecode.swift; path = ColorFile.swift; sourceTree = "<group>"; };
		63CDC0542EE996180016927C /* ContentView.swift */ = {isa = PBXFileReference; lastKnownFileType = sourcecode.swift; path = ContentView.swift; sourceTree = "<group>"; };
		AC7C347E2EF81176000F47D5 /* Grades_semester_content.swift */ = {isa = PBXFileReference; lastKnownFileType = sourcecode.swift; path = Grades_semester_content.swift; sourceTree = "<group>"; };
		AC7C34802EF811A0000F47D5 /* Grades_subjects_content.swift */ = {isa = PBXFileReference; lastKnownFileType = sourcecode.swift; path = Grades_subjects_content.swift; sourceTree = "<group>"; };
		AC7C34822EF811BE000F47D5 /* Grades_main_structure.swift */ = {isa = PBXFileReference; lastKnownFileType = sourcecode.swift; path = Grades_main_structure.swift; sourceTree = "<group>"; };
		AC8012742EE8F159003B6419 /* Subject.swift */ = {isa = PBXFileReference; lastKnownFileType = sourcecode.swift; path = Subject.swift; sourceTree = "<group>"; };
		AC8012762EE8F166003B6419 /* Lesson.swift */ = {isa = PBXFileReference; lastKnownFileType = sourcecode.swift; path = Lesson.swift; sourceTree = "<group>"; };
		CE1F70382EF1E9EF00E42C47 /* DateManager.swift */ = {isa = PBXFileReference; lastKnownFileType = sourcecode.swift; path = DateManager.swift; sourceTree = "<group>"; };
		CE1F703A2EF1EA6A00E42C47 /* Lesson_sched.swift */ = {isa = PBXFileReference; lastKnownFileType = sourcecode.swift; path = Lesson_sched.swift; sourceTree = "<group>"; };
		CE2A3DDD2ED85A7B00C09F87 /* BaumanCore.app */ = {isa = PBXFileReference; explicitFileType = wrapper.application; includeInIndex = 0; path = BaumanCore.app; sourceTree = BUILT_PRODUCTS_DIR; };
		CE2A3DE02ED85A7B00C09F87 /* BaumanCoreApp.swift */ = {isa = PBXFileReference; lastKnownFileType = sourcecode.swift; path = BaumanCoreApp.swift; sourceTree = "<group>"; };
		CE2A3DE42ED85A7D00C09F87 /* Assets.xcassets */ = {isa = PBXFileReference; lastKnownFileType = folder.assetcatalog; path = Assets.xcassets; sourceTree = "<group>"; };
		CE2A3DE72ED85A7D00C09F87 /* Preview Assets.xcassets */ = {isa = PBXFileReference; lastKnownFileType = folder.assetcatalog; path = "Preview Assets.xcassets"; sourceTree = "<group>"; };
		CE2A3DEE2ED85B7000C09F87 /* BottomBar.swift */ = {isa = PBXFileReference; lastKnownFileType = sourcecode.swift; path = BottomBar.swift; sourceTree = "<group>"; };
		CE2A3DF12ED8C35100C09F87 /* Schedule.swift */ = {isa = PBXFileReference; lastKnownFileType = sourcecode.swift; path = Schedule.swift; sourceTree = "<group>"; };
		CE2A3DF52ED8C92700C09F87 /* Profile.swift */ = {isa = PBXFileReference; lastKnownFileType = sourcecode.swift; path = Profile.swift; sourceTree = "<group>"; };
		CE2A3DF82ED8C97800C09F87 /* Student.swift */ = {isa = PBXFileReference; lastKnownFileType = sourcecode.swift; path = Student.swift; sourceTree = "<group>"; };
		CE2A3DFA2ED8CACC00C09F87 /* Grades_header.swift */ = {isa = PBXFileReference; lastKnownFileType = sourcecode.swift; path = Grades_header.swift; sourceTree = "<group>"; };
		CE2A3DFC2ED8DC7000C09F87 /* MainPage.swift */ = {isa = PBXFileReference; lastKnownFileType = sourcecode.swift; path = MainPage.swift; sourceTree = "<group>"; };
		CE2A3DFE2ED8DC9D00C09F87 /* ImageCarousel.swift */ = {isa = PBXFileReference; lastKnownFileType = sourcecode.swift; path = ImageCarousel.swift; sourceTree = "<group>"; };
		CE2A3E002ED8DCB500C09F87 /* ThreeBlueLinks.swift */ = {isa = PBXFileReference; lastKnownFileType = sourcecode.swift; path = ThreeBlueLinks.swift; sourceTree = "<group>"; };
		CE2A3E022ED8DCC400C09F87 /* QRView.swift */ = {isa = PBXFileReference; lastKnownFileType = sourcecode.swift; path = QRView.swift; sourceTree = "<group>"; };
		CE2A3E042ED8DEC400C09F87 /* Map.swift */ = {isa = PBXFileReference; lastKnownFileType = sourcecode.swift; path = Map.swift; sourceTree = "<group>"; };
		CE7B93E32EF844F800A74073 /* WelcomeViewController.swift */ = {isa = PBXFileReference; lastKnownFileType = sourcecode.swift; path = WelcomeViewController.swift; sourceTree = "<group>"; };
		CE7D99D92EF99D7A00F36BE2 /* GoogleService-Info.plist */ = {isa = PBXFileReference; fileEncoding = 4; lastKnownFileType = text.plist.xml; path = "GoogleService-Info.plist"; sourceTree = "<group>"; };
/* End PBXFileReference section */

/* Begin PBXFrameworksBuildPhase section */
		CE2A3DDA2ED85A7B00C09F87 /* Frameworks */ = {
			isa = PBXFrameworksBuildPhase;
			buildActionMask = 2147483647;
			files = (
				CE7D99D62EF99C0300F36BE2 /* FirebaseAuth in Frameworks */,
				CE7D99D82EF99C0300F36BE2 /* FirebaseFirestore in Frameworks */,
			);
			runOnlyForDeploymentPostprocessing = 0;
		};
/* End PBXFrameworksBuildPhase section */

/* Begin PBXGroup section */
		63684A622EE9A6A900B1DCD8 /* AuthView */ = {
			isa = PBXGroup;
			children = (
				63684A672EE9CB6800B1DCD8 /* RegisterView.swift */,
				63684A652EE9AB7D00B1DCD8 /* LoginView.swift */,
				CE7B93E32EF844F800A74073 /* WelcomeViewController.swift */,
			);
			path = AuthView;
			sourceTree = "<group>";
		};
		63684A692EE9CF7000B1DCD8 /* Fonts */ = {
			isa = PBXGroup;
			children = (
				63684A6A2EE9CFB700B1DCD8 /* FontFile.swift */,
			);
			path = Fonts;
			sourceTree = "<group>";
		};
		63CDC04C2EE992750016927C /* Design System */ = {
			isa = PBXGroup;
			children = (
				63684A692EE9CF7000B1DCD8 /* Fonts */,
				63CDC05C2EE997960016927C /* Colors */,
				63CDC05B2EE9978A0016927C /* Components */,
			);
			path = "Design System";
			sourceTree = "<group>";
		};
		63CDC04F2EE9935F0016927C /* Application */ = {
			isa = PBXGroup;
			children = (
				CE2A3DE02ED85A7B00C09F87 /* BaumanCoreApp.swift */,
				63CDC0542EE996180016927C /* ContentView.swift */,
				63684A6D2EE9E42800B1DCD8 /* AppState.swift */,
			);
			path = Application;
			sourceTree = "<group>";
		};
		63CDC0562EE996F70016927C /* MainView */ = {
			isa = PBXGroup;
			children = (
				CE2A3DFC2ED8DC7000C09F87 /* MainPage.swift */,
				CE2A3DFE2ED8DC9D00C09F87 /* ImageCarousel.swift */,
				CE2A3E002ED8DCB500C09F87 /* ThreeBlueLinks.swift */,
				CE2A3E022ED8DCC400C09F87 /* QRView.swift */,
			);
			path = MainView;
			sourceTree = "<group>";
		};
		63CDC0572EE997390016927C /* ScheduleView */ = {
			isa = PBXGroup;
			children = (
				CE2A3DF12ED8C35100C09F87 /* Schedule.swift */,
				CE1F703A2EF1EA6A00E42C47 /* Lesson_sched.swift */,
			);
			path = ScheduleView;
			sourceTree = "<group>";
		};
		63CDC0582EE9974D0016927C /* ProfileView */ = {
			isa = PBXGroup;
			children = (
				CE2A3DF52ED8C92700C09F87 /* Profile.swift */,
			);
			path = ProfileView;
			sourceTree = "<group>";
		};
		63CDC0592EE997570016927C /* GradesView */ = {
			isa = PBXGroup;
			children = (
				AC7C34822EF811BE000F47D5 /* Grades_main_structure.swift */,
				AC7C34802EF811A0000F47D5 /* Grades_subjects_content.swift */,
				AC7C347E2EF81176000F47D5 /* Grades_semester_content.swift */,
				CE2A3DFA2ED8CACC00C09F87 /* Grades_header.swift */,
			);
			path = GradesView;
			sourceTree = "<group>";
		};
		63CDC05A2EE9976B0016927C /* MapView */ = {
			isa = PBXGroup;
			children = (
				CE2A3E042ED8DEC400C09F87 /* Map.swift */,
			);
			path = MapView;
			sourceTree = "<group>";
		};
		63CDC05B2EE9978A0016927C /* Components */ = {
			isa = PBXGroup;
			children = (
				CE2A3DEE2ED85B7000C09F87 /* BottomBar.swift */,
				CE1F70382EF1E9EF00E42C47 /* DateManager.swift */,
			);
			path = Components;
			sourceTree = "<group>";
		};
		63CDC05C2EE997960016927C /* Colors */ = {
			isa = PBXGroup;
			children = (
				63CDC04D2EE9928B0016927C /* ColorFile.swift */,
			);
			path = Colors;
			sourceTree = "<group>";
		};
		CE2A3DD42ED85A7B00C09F87 = {
			isa = PBXGroup;
			children = (
				CE2A3DDF2ED85A7B00C09F87 /* BaumanCore */,
				CE2A3DDE2ED85A7B00C09F87 /* Products */,
			);
			sourceTree = "<group>";
		};
		CE2A3DDE2ED85A7B00C09F87 /* Products */ = {
			isa = PBXGroup;
			children = (
				CE2A3DDD2ED85A7B00C09F87 /* BaumanCore.app */,
			);
			name = Products;
			sourceTree = "<group>";
		};
		CE2A3DDF2ED85A7B00C09F87 /* BaumanCore */ = {
			isa = PBXGroup;
			children = (
				63CDC04F2EE9935F0016927C /* Application */,
				63CDC04C2EE992750016927C /* Design System */,
				CE2A3DF72ED8C96000C09F87 /* Models */,
				CE2A3DF02ED8C32200C09F87 /* Features */,
				CE2A3DE42ED85A7D00C09F87 /* Assets.xcassets */,
				CE7D99D92EF99D7A00F36BE2 /* GoogleService-Info.plist */,
				CE2A3DE62ED85A7D00C09F87 /* Preview Content */,
			);
			path = BaumanCore;
			sourceTree = "<group>";
		};
		CE2A3DE62ED85A7D00C09F87 /* Preview Content */ = {
			isa = PBXGroup;
			children = (
				CE2A3DE72ED85A7D00C09F87 /* Preview Assets.xcassets */,
			);
			path = "Preview Content";
			sourceTree = "<group>";
		};
		CE2A3DF02ED8C32200C09F87 /* Features */ = {
			isa = PBXGroup;
			children = (
				63684A622EE9A6A900B1DCD8 /* AuthView */,
				63CDC0562EE996F70016927C /* MainView */,
				63CDC05A2EE9976B0016927C /* MapView */,
				63CDC0592EE997570016927C /* GradesView */,
				63CDC0582EE9974D0016927C /* ProfileView */,
				63CDC0572EE997390016927C /* ScheduleView */,
			);
			path = Features;
			sourceTree = "<group>";
		};
		CE2A3DF72ED8C96000C09F87 /* Models */ = {
			isa = PBXGroup;
			children = (
				CE2A3DF82ED8C97800C09F87 /* Student.swift */,
				AC8012742EE8F159003B6419 /* Subject.swift */,
				AC8012762EE8F166003B6419 /* Lesson.swift */,
			);
			path = Models;
			sourceTree = "<group>";
		};
/* End PBXGroup section */

/* Begin PBXNativeTarget section */
		CE2A3DDC2ED85A7B00C09F87 /* BaumanCore */ = {
			isa = PBXNativeTarget;
			buildConfigurationList = CE2A3DEB2ED85A7D00C09F87 /* Build configuration list for PBXNativeTarget "BaumanCore" */;
			buildPhases = (
				CE2A3DD92ED85A7B00C09F87 /* Sources */,
				CE2A3DDA2ED85A7B00C09F87 /* Frameworks */,
				CE2A3DDB2ED85A7B00C09F87 /* Resources */,
			);
			buildRules = (
			);
			dependencies = (
			);
			name = BaumanCore;
			packageProductDependencies = (
				CE7D99D52EF99C0300F36BE2 /* FirebaseAuth */,
				CE7D99D72EF99C0300F36BE2 /* FirebaseFirestore */,
			);
			productName = BaumanCore;
			productReference = CE2A3DDD2ED85A7B00C09F87 /* BaumanCore.app */;
			productType = "com.apple.product-type.application";
		};
/* End PBXNativeTarget section */

/* Begin PBXProject section */
		CE2A3DD52ED85A7B00C09F87 /* Project object */ = {
			isa = PBXProject;
			attributes = {
				BuildIndependentTargetsInParallel = 1;
				LastSwiftUpdateCheck = 1420;
				LastUpgradeCheck = 1420;
				TargetAttributes = {
					CE2A3DDC2ED85A7B00C09F87 = {
						CreatedOnToolsVersion = 14.2;
					};
				};
			};
			buildConfigurationList = CE2A3DD82ED85A7B00C09F87 /* Build configuration list for PBXProject "BaumanCore" */;
			compatibilityVersion = "Xcode 14.0";
			developmentRegion = en;
			hasScannedForEncodings = 0;
			knownRegions = (
				en,
				Base,
			);
			mainGroup = CE2A3DD42ED85A7B00C09F87;
			packageReferences = (
				CE7D99D42EF99C0300F36BE2 /* XCRemoteSwiftPackageReference "firebase-ios-sdk" */,
			);
			productRefGroup = CE2A3DDE2ED85A7B00C09F87 /* Products */;
			projectDirPath = "";
			projectRoot = "";
			targets = (
				CE2A3DDC2ED85A7B00C09F87 /* BaumanCore */,
			);
		};
/* End PBXProject section */

/* Begin PBXResourcesBuildPhase section */
		CE2A3DDB2ED85A7B00C09F87 /* Resources */ = {
			isa = PBXResourcesBuildPhase;
			buildActionMask = 2147483647;
			files = (
				CE2A3DE82ED85A7D00C09F87 /* Preview Assets.xcassets in Resources */,
				CE2A3DE52ED85A7D00C09F87 /* Assets.xcassets in Resources */,
				CE7D99DA2EF99D7A00F36BE2 /* GoogleService-Info.plist in Resources */,
			);
			runOnlyForDeploymentPostprocessing = 0;
		};
/* End PBXResourcesBuildPhase section */

/* Begin PBXSourcesBuildPhase section */
		CE2A3DD92ED85A7B00C09F87 /* Sources */ = {
			isa = PBXSourcesBuildPhase;
			buildActionMask = 2147483647;
			files = (
				AC8012772EE8F166003B6419 /* Lesson.swift in Sources */,
				CE2A3DF62ED8C92700C09F87 /* Profile.swift in Sources */,
				63CDC0552EE996180016927C /* ContentView.swift in Sources */,
				63684A6B2EE9CFC000B1DCD8 /* FontFile.swift in Sources */,
				CE1F703B2EF1EA6A00E42C47 /* Lesson_sched.swift in Sources */,
				AC7C34832EF811C2000F47D5 /* Grades_main_structure.swift in Sources */,
				CE2A3E052ED8DEC400C09F87 /* Map.swift in Sources */,
				CE2A3E032ED8DCC400C09F87 /* QRView.swift in Sources */,
				CE1F70392EF1E9EF00E42C47 /* DateManager.swift in Sources */,
				CE2A3DFD2ED8DC7000C09F87 /* MainPage.swift in Sources */,
				CE2A3DE12ED85A7B00C09F87 /* BaumanCoreApp.swift in Sources */,
				AC8012752EE8F159003B6419 /* Subject.swift in Sources */,
				63684A682EE9CB7200B1DCD8 /* RegisterView.swift in Sources */,
				AC7C347F2EF8117D000F47D5 /* Grades_semester_content.swift in Sources */,
				63684A6E2EE9E42B00B1DCD8 /* AppState.swift in Sources */,
				CE2A3DF22ED8C35100C09F87 /* Schedule.swift in Sources */,
				63684A662EE9AB8100B1DCD8 /* LoginView.swift in Sources */,
				63CDC04E2EE992930016927C /* ColorFile.swift in Sources */,
				CE7B93E42EF844F800A74073 /* WelcomeViewController.swift in Sources */,
				AC7C34812EF811A6000F47D5 /* Grades_subjects_content.swift in Sources */,
				CE2A3E012ED8DCB500C09F87 /* ThreeBlueLinks.swift in Sources */,
				CE2A3DFB2ED8CACC00C09F87 /* Grades_header.swift in Sources */,
				CE2A3DFF2ED8DC9D00C09F87 /* ImageCarousel.swift in Sources */,
				CE2A3DF92ED8C97800C09F87 /* Student.swift in Sources */,
				CE2A3DEF2ED85B7000C09F87 /* BottomBar.swift in Sources */,
			);
			runOnlyForDeploymentPostprocessing = 0;
		};
/* End PBXSourcesBuildPhase section */

/* Begin XCBuildConfiguration section */
		CE2A3DE92ED85A7D00C09F87 /* Debug */ = {
			isa = XCBuildConfiguration;
			buildSettings = {
				ALWAYS_SEARCH_USER_PATHS = NO;
				CLANG_ANALYZER_NONNULL = YES;
				CLANG_ANALYZER_NUMBER_OBJECT_CONVERSION = YES_AGGRESSIVE;
				CLANG_CXX_LANGUAGE_STANDARD = "gnu++20";
				CLANG_ENABLE_MODULES = YES;
				CLANG_ENABLE_OBJC_ARC = YES;
				CLANG_ENABLE_OBJC_WEAK = YES;
				CLANG_WARN_BLOCK_CAPTURE_AUTORELEASING = YES;
				CLANG_WARN_BOOL_CONVERSION = YES;
				CLANG_WARN_COMMA = YES;
				CLANG_WARN_CONSTANT_CONVERSION = YES;
				CLANG_WARN_DEPRECATED_OBJC_IMPLEMENTATIONS = YES;
				CLANG_WARN_DIRECT_OBJC_ISA_USAGE = YES_ERROR;
				CLANG_WARN_DOCUMENTATION_COMMENTS = YES;
				CLANG_WARN_EMPTY_BODY = YES;
				CLANG_WARN_ENUM_CONVERSION = YES;
				CLANG_WARN_INFINITE_RECURSION = YES;
				CLANG_WARN_INT_CONVERSION = YES;
				CLANG_WARN_NON_LITERAL_NULL_CONVERSION = YES;
				CLANG_WARN_OBJC_IMPLICIT_RETAIN_SELF = YES;
				CLANG_WARN_OBJC_LITERAL_CONVERSION = YES;
				CLANG_WARN_OBJC_ROOT_CLASS = YES_ERROR;
				CLANG_WARN_QUOTED_INCLUDE_IN_FRAMEWORK_HEADER = YES;
				CLANG_WARN_RANGE_LOOP_ANALYSIS = YES;
				CLANG_WARN_STRICT_PROTOTYPES = YES;
				CLANG_WARN_SUSPICIOUS_MOVE = YES;
				CLANG_WARN_UNGUARDED_AVAILABILITY = YES_AGGRESSIVE;
				CLANG_WARN_UNREACHABLE_CODE = YES;
				CLANG_WARN__DUPLICATE_METHOD_MATCH = YES;
				COPY_PHASE_STRIP = NO;
				DEBUG_INFORMATION_FORMAT = dwarf;
				ENABLE_STRICT_OBJC_MSGSEND = YES;
				ENABLE_TESTABILITY = YES;
				GCC_C_LANGUAGE_STANDARD = gnu11;
				GCC_DYNAMIC_NO_PIC = NO;
				GCC_NO_COMMON_BLOCKS = YES;
				GCC_OPTIMIZATION_LEVEL = 0;
				GCC_PREPROCESSOR_DEFINITIONS = (
					"DEBUG=1",
					"$(inherited)",
				);
				GCC_WARN_64_TO_32_BIT_CONVERSION = YES;
				GCC_WARN_ABOUT_RETURN_TYPE = YES_ERROR;
				GCC_WARN_UNDECLARED_SELECTOR = YES;
				GCC_WARN_UNINITIALIZED_AUTOS = YES_AGGRESSIVE;
				GCC_WARN_UNUSED_FUNCTION = YES;
				GCC_WARN_UNUSED_VARIABLE = YES;
				IPHONEOS_DEPLOYMENT_TARGET = 16.2;
				MTL_ENABLE_DEBUG_INFO = INCLUDE_SOURCE;
				MTL_FAST_MATH = YES;
				ONLY_ACTIVE_ARCH = YES;
				SDKROOT = iphoneos;
				SWIFT_ACTIVE_COMPILATION_CONDITIONS = DEBUG;
				SWIFT_OPTIMIZATION_LEVEL = "-Onone";
			};
			name = Debug;
		};
		CE2A3DEA2ED85A7D00C09F87 /* Release */ = {
			isa = XCBuildConfiguration;
			buildSettings = {
				ALWAYS_SEARCH_USER_PATHS = NO;
				CLANG_ANALYZER_NONNULL = YES;
				CLANG_ANALYZER_NUMBER_OBJECT_CONVERSION = YES_AGGRESSIVE;
				CLANG_CXX_LANGUAGE_STANDARD = "gnu++20";
				CLANG_ENABLE_MODULES = YES;
				CLANG_ENABLE_OBJC_ARC = YES;
				CLANG_ENABLE_OBJC_WEAK = YES;
				CLANG_WARN_BLOCK_CAPTURE_AUTORELEASING = YES;
				CLANG_WARN_BOOL_CONVERSION = YES;
				CLANG_WARN_COMMA = YES;
				CLANG_WARN_CONSTANT_CONVERSION = YES;
				CLANG_WARN_DEPRECATED_OBJC_IMPLEMENTATIONS = YES;
				CLANG_WARN_DIRECT_OBJC_ISA_USAGE = YES_ERROR;
				CLANG_WARN_DOCUMENTATION_COMMENTS = YES;
				CLANG_WARN_EMPTY_BODY = YES;
				CLANG_WARN_ENUM_CONVERSION = YES;
				CLANG_WARN_INFINITE_RECURSION = YES;
				CLANG_WARN_INT_CONVERSION = YES;
				CLANG_WARN_NON_LITERAL_NULL_CONVERSION = YES;
				CLANG_WARN_OBJC_IMPLICIT_RETAIN_SELF = YES;
				CLANG_WARN_OBJC_LITERAL_CONVERSION = YES;
				CLANG_WARN_OBJC_ROOT_CLASS = YES_ERROR;
				CLANG_WARN_QUOTED_INCLUDE_IN_FRAMEWORK_HEADER = YES;
				CLANG_WARN_RANGE_LOOP_ANALYSIS = YES;
				CLANG_WARN_STRICT_PROTOTYPES = YES;
				CLANG_WARN_SUSPICIOUS_MOVE = YES;
				CLANG_WARN_UNGUARDED_AVAILABILITY = YES_AGGRESSIVE;
				CLANG_WARN_UNREACHABLE_CODE = YES;
				CLANG_WARN__DUPLICATE_METHOD_MATCH = YES;
				COPY_PHASE_STRIP = NO;
				DEBUG_INFORMATION_FORMAT = "dwarf-with-dsym";
				ENABLE_NS_ASSERTIONS = NO;
				ENABLE_STRICT_OBJC_MSGSEND = YES;
				GCC_C_LANGUAGE_STANDARD = gnu11;
				GCC_NO_COMMON_BLOCKS = YES;
				GCC_WARN_64_TO_32_BIT_CONVERSION = YES;
				GCC_WARN_ABOUT_RETURN_TYPE = YES_ERROR;
				GCC_WARN_UNDECLARED_SELECTOR = YES;
				GCC_WARN_UNINITIALIZED_AUTOS = YES_AGGRESSIVE;
				GCC_WARN_UNUSED_FUNCTION = YES;
				GCC_WARN_UNUSED_VARIABLE = YES;
				IPHONEOS_DEPLOYMENT_TARGET = 16.2;
				MTL_ENABLE_DEBUG_INFO = NO;
				MTL_FAST_MATH = YES;
				SDKROOT = iphoneos;
				SWIFT_COMPILATION_MODE = wholemodule;
				SWIFT_OPTIMIZATION_LEVEL = "-O";
				VALIDATE_PRODUCT = YES;
			};
			name = Release;
		};
		CE2A3DEC2ED85A7D00C09F87 /* Debug */ = {
			isa = XCBuildConfiguration;
			buildSettings = {
				ASSETCATALOG_COMPILER_APPICON_NAME = AppIcon;
				ASSETCATALOG_COMPILER_GLOBAL_ACCENT_COLOR_NAME = AccentColor;
				CODE_SIGN_STYLE = Automatic;
				CURRENT_PROJECT_VERSION = 1;
				DEVELOPMENT_ASSET_PATHS = "\"BaumanCore/Preview Content\"";
				ENABLE_PREVIEWS = YES;
				GENERATE_INFOPLIST_FILE = YES;
				INFOPLIST_KEY_UIApplicationSceneManifest_Generation = YES;
				INFOPLIST_KEY_UIApplicationSupportsIndirectInputEvents = YES;
				INFOPLIST_KEY_UILaunchScreen_Generation = YES;
				INFOPLIST_KEY_UISupportedInterfaceOrientations_iPad = "UIInterfaceOrientationPortrait UIInterfaceOrientationPortraitUpsideDown UIInterfaceOrientationLandscapeLeft UIInterfaceOrientationLandscapeRight";
				INFOPLIST_KEY_UISupportedInterfaceOrientations_iPhone = "UIInterfaceOrientationPortrait UIInterfaceOrientationLandscapeLeft UIInterfaceOrientationLandscapeRight";
				LD_RUNPATH_SEARCH_PATHS = (
					"$(inherited)",
					"@executable_path/Frameworks",
				);
				MARKETING_VERSION = 1.0;
				PRODUCT_BUNDLE_IDENTIFIER = com.project.BaumanCore;
				PRODUCT_NAME = "$(TARGET_NAME)";
				SWIFT_EMIT_LOC_STRINGS = YES;
				SWIFT_VERSION = 5.0;
				TARGETED_DEVICE_FAMILY = "1,2";
			};
			name = Debug;
		};
		CE2A3DED2ED85A7D00C09F87 /* Release */ = {
			isa = XCBuildConfiguration;
			buildSettings = {
				ASSETCATALOG_COMPILER_APPICON_NAME = AppIcon;
				ASSETCATALOG_COMPILER_GLOBAL_ACCENT_COLOR_NAME = AccentColor;
				CODE_SIGN_STYLE = Automatic;
				CURRENT_PROJECT_VERSION = 1;
				DEVELOPMENT_ASSET_PATHS = "\"BaumanCore/Preview Content\"";
				ENABLE_PREVIEWS = YES;
				GENERATE_INFOPLIST_FILE = YES;
				INFOPLIST_KEY_UIApplicationSceneManifest_Generation = YES;
				INFOPLIST_KEY_UIApplicationSupportsIndirectInputEvents = YES;
				INFOPLIST_KEY_UILaunchScreen_Generation = YES;
				INFOPLIST_KEY_UISupportedInterfaceOrientations_iPad = "UIInterfaceOrientationPortrait UIInterfaceOrientationPortraitUpsideDown UIInterfaceOrientationLandscapeLeft UIInterfaceOrientationLandscapeRight";
				INFOPLIST_KEY_UISupportedInterfaceOrientations_iPhone = "UIInterfaceOrientationPortrait UIInterfaceOrientationLandscapeLeft UIInterfaceOrientationLandscapeRight";
				LD_RUNPATH_SEARCH_PATHS = (
					"$(inherited)",
					"@executable_path/Frameworks",
				);
				MARKETING_VERSION = 1.0;
				PRODUCT_BUNDLE_IDENTIFIER = com.project.BaumanCore;
				PRODUCT_NAME = "$(TARGET_NAME)";
				SWIFT_EMIT_LOC_STRINGS = YES;
				SWIFT_VERSION = 5.0;
				TARGETED_DEVICE_FAMILY = "1,2";
			};
			name = Release;
		};
/* End XCBuildConfiguration section */

/* Begin XCConfigurationList section */
		CE2A3DD82ED85A7B00C09F87 /* Build configuration list for PBXProject "BaumanCore" */ = {
			isa = XCConfigurationList;
			buildConfigurations = (
				CE2A3DE92ED85A7D00C09F87 /* Debug */,
				CE2A3DEA2ED85A7D00C09F87 /* Release */,
			);
			defaultConfigurationIsVisible = 0;
			defaultConfigurationName = Release;
		};
		CE2A3DEB2ED85A7D00C09F87 /* Build configuration list for PBXNativeTarget "BaumanCore" */ = {
			isa = XCConfigurationList;
			buildConfigurations = (
				CE2A3DEC2ED85A7D00C09F87 /* Debug */,
				CE2A3DED2ED85A7D00C09F87 /* Release */,
			);
			defaultConfigurationIsVisible = 0;
			defaultConfigurationName = Release;
		};
/* End XCConfigurationList section */

/* Begin XCRemoteSwiftPackageReference section */
		CE7D99D42EF99C0300F36BE2 /* XCRemoteSwiftPackageReference "firebase-ios-sdk" */ = {
			isa = XCRemoteSwiftPackageReference;
			repositoryURL = "https://github.com/firebase/firebase-ios-sdk.git";
			requirement = {
				kind = upToNextMajorVersion;
				minimumVersion = 9.0.0;
			};
		};
/* End XCRemoteSwiftPackageReference section */

/* Begin XCSwiftPackageProductDependency section */
		CE7D99D52EF99C0300F36BE2 /* FirebaseAuth */ = {
			isa = XCSwiftPackageProductDependency;
			package = CE7D99D42EF99C0300F36BE2 /* XCRemoteSwiftPackageReference "firebase-ios-sdk" */;
			productName = FirebaseAuth;
		};
		CE7D99D72EF99C0300F36BE2 /* FirebaseFirestore */ = {
			isa = XCSwiftPackageProductDependency;
			package = CE7D99D42EF99C0300F36BE2 /* XCRemoteSwiftPackageReference "firebase-ios-sdk" */;
			productName = FirebaseFirestore;
		};
/* End XCSwiftPackageProductDependency section */
	};
	rootObject = CE2A3DD52ED85A7B00C09F87 /* Project object */;
}
